// !$*UTF8*$!
{
	archiveVersion = 1;
	classes = {
	};
	objectVersion = 56;
	objects = {

/* Begin PBXBuildFile section */
		001 /* KyuvaApp.swift in Sources */ = {isa = PBXBuildFile; fileRef = 101 /* KyuvaApp.swift */; };
		002 /* AppDelegate.swift in Sources */ = {isa = PBXBuildFile; fileRef = 102 /* AppDelegate.swift */; };
		003 /* OverlayWindowController.swift in Sources */ = {isa = PBXBuildFile; fileRef = 103 /* OverlayWindowController.swift */; };
		004 /* SettingsView.swift in Sources */ = {isa = PBXBuildFile; fileRef = 104 /* SettingsView.swift */; };
		005 /* ScriptManager.swift in Sources */ = {isa = PBXBuildFile; fileRef = 105 /* ScriptManager.swift */; };
		006 /* ScrollController.swift in Sources */ = {isa = PBXBuildFile; fileRef = 106 /* ScrollController.swift */; };
		007 /* HotkeyManager.swift in Sources */ = {isa = PBXBuildFile; fileRef = 107 /* HotkeyManager.swift */; };
		009 /* LocalStore.swift in Sources */ = {isa = PBXBuildFile; fileRef = 109 /* LocalStore.swift */; };
		012 /* WindowManager.swift in Sources */ = {isa = PBXBuildFile; fileRef = 112 /* WindowManager.swift */; };
		015 /* OnboardingView.swift in Sources */ = {isa = PBXBuildFile; fileRef = 122 /* OnboardingView.swift */; };
		017 /* Assets.xcassets in Resources */ = {isa = PBXBuildFile; fileRef = 115 /* Assets.xcassets */; };
		018 /* PrivacyInfo.xcprivacy in Resources */ = {isa = PBXBuildFile; fileRef = 123 /* PrivacyInfo.xcprivacy */; };
		019 /* AppIcon.icon in Resources */ = {isa = PBXBuildFile; fileRef = 124 /* AppIcon.icon */; };
		020 /* ScriptModels.swift in Sources */ = {isa = PBXBuildFile; fileRef = 125 /* ScriptModels.swift */; };
		030 /* KyuvaMobileApp.swift in Sources */ = {isa = PBXBuildFile; fileRef = 130 /* KyuvaMobileApp.swift */; };
		031 /* PhoneWatchSession.swift in Sources */ = {isa = PBXBuildFile; fileRef = 131 /* PhoneWatchSession.swift */; };
		032 /* MobileEditorView.swift in Sources */ = {isa = PBXBuildFile; fileRef = 132 /* MobileEditorView.swift */; };
		033 /* MobilePromptSettingsView.swift in Sources */ = {isa = PBXBuildFile; fileRef = 133 /* MobilePromptSettingsView.swift */; };
		034 /* MobilePromptView.swift in Sources */ = {isa = PBXBuildFile; fileRef = 134 /* MobilePromptView.swift */; };
		035 /* ScriptModels.swift in Sources */ = {isa = PBXBuildFile; fileRef = 125 /* ScriptModels.swift */; };
		036 /* ScriptManager.swift in Sources */ = {isa = PBXBuildFile; fileRef = 105 /* ScriptManager.swift */; };
		037 /* ScrollController.swift in Sources */ = {isa = PBXBuildFile; fileRef = 106 /* ScrollController.swift */; };
		038 /* RemoteControlProtocol.swift in Sources */ = {isa = PBXBuildFile; fileRef = 126 /* RemoteControlProtocol.swift */; };
		039 /* LocalStore.swift in Sources */ = {isa = PBXBuildFile; fileRef = 109 /* LocalStore.swift */; };
		040 /* AppIcon.icon in Resources */ = {isa = PBXBuildFile; fileRef = 124 /* AppIcon.icon */; };
		041 /* PrivacyInfo.xcprivacy in Resources */ = {isa = PBXBuildFile; fileRef = 123 /* PrivacyInfo.xcprivacy */; };
		042 /* KyuvaWatchApp.swift in Sources */ = {isa = PBXBuildFile; fileRef = 135 /* KyuvaWatchApp.swift */; };
		043 /* WatchSessionController.swift in Sources */ = {isa = PBXBuildFile; fileRef = 136 /* WatchSessionController.swift */; };
		044 /* WatchRemoteView.swift in Sources */ = {isa = PBXBuildFile; fileRef = 137 /* WatchRemoteView.swift */; };
		045 /* RemoteControlProtocol.swift in Sources */ = {isa = PBXBuildFile; fileRef = 126 /* RemoteControlProtocol.swift */; };
		046 /* AppIcon.icon in Resources */ = {isa = PBXBuildFile; fileRef = 124 /* AppIcon.icon */; };
		047 /* PrivacyInfo.xcprivacy in Resources */ = {isa = PBXBuildFile; fileRef = 123 /* PrivacyInfo.xcprivacy */; };
		048 /* Kyuva Watch App.app in Embed Watch Content */ = {isa = PBXBuildFile; fileRef = 128 /* Kyuva Watch App.app */; settings = {ATTRIBUTES = (CodeSignOnCopy, ); }; };
		056 /* ScriptTextTransfer.swift in Sources */ = {isa = PBXBuildFile; fileRef = 143 /* ScriptTextTransfer.swift */; };
		057 /* ScriptTextFile.swift in Sources */ = {isa = PBXBuildFile; fileRef = 145 /* ScriptTextFile.swift */; };
		058 /* ScriptTextFile.swift in Sources */ = {isa = PBXBuildFile; fileRef = 145 /* ScriptTextFile.swift */; };
		060 /* VoicePositionMatcher.swift in Sources */ = {isa = PBXBuildFile; fileRef = 146 /* VoicePositionMatcher.swift */; };
		061 /* VoicePositionMatcher.swift in Sources */ = {isa = PBXBuildFile; fileRef = 146 /* VoicePositionMatcher.swift */; };
		062 /* OnDeviceSpeechRecognizer.swift in Sources */ = {isa = PBXBuildFile; fileRef = 147 /* OnDeviceSpeechRecognizer.swift */; };
		063 /* OnDeviceSpeechRecognizer.swift in Sources */ = {isa = PBXBuildFile; fileRef = 147 /* OnDeviceSpeechRecognizer.swift */; };
		064 /* ProEntitlementStore.swift in Sources */ = {isa = PBXBuildFile; fileRef = 148 /* ProEntitlementStore.swift */; };
		065 /* ProEntitlementStore.swift in Sources */ = {isa = PBXBuildFile; fileRef = 148 /* ProEntitlementStore.swift */; };
		066 /* ReviewPromptPolicy.swift in Sources */ = {isa = PBXBuildFile; fileRef = 149 /* ReviewPromptPolicy.swift */; };
		067 /* ReviewPromptPolicy.swift in Sources */ = {isa = PBXBuildFile; fileRef = 149 /* ReviewPromptPolicy.swift */; };
/* End PBXBuildFile section */

/* Begin PBXContainerItemProxy section */
		322 /* PBXContainerItemProxy */ = {
			isa = PBXContainerItemProxy;
			containerPortal = 500 /* Project object */;
			proxyType = 1;
			remoteGlobalIDString = 320;
			remoteInfo = "Kyuva Watch App";
		};
/* End PBXContainerItemProxy section */

/* Begin PBXCopyFilesBuildPhase section */
		313 /* Embed Watch Content */ = {
			isa = PBXCopyFilesBuildPhase;
			buildActionMask = 2147483647;
			dstPath = "$(CONTENTS_FOLDER_PATH)/Watch";
			dstSubfolderSpec = 16;
			files = (
				048 /* Kyuva Watch App.app in Embed Watch Content */,
			);
			name = "Embed Watch Content";
			runOnlyForDeploymentPostprocessing = 0;
		};
/* End PBXCopyFilesBuildPhase section */

/* Begin PBXFileReference section */
		100 /* Kyuva.app */ = {isa = PBXFileReference; explicitFileType = wrapper.application; includeInIndex = 0; path = Kyuva.app; sourceTree = BUILT_PRODUCTS_DIR; };
		101 /* KyuvaApp.swift */ = {isa = PBXFileReference; lastKnownFileType = sourcecode.swift; path = KyuvaApp.swift; sourceTree = "<group>"; };
		102 /* AppDelegate.swift */ = {isa = PBXFileReference; lastKnownFileType = sourcecode.swift; path = AppDelegate.swift; sourceTree = "<group>"; };
		103 /* OverlayWindowController.swift */ = {isa = PBXFileReference; lastKnownFileType = sourcecode.swift; path = OverlayWindowController.swift; sourceTree = "<group>"; };
		104 /* SettingsView.swift */ = {isa = PBXFileReference; lastKnownFileType = sourcecode.swift; path = SettingsView.swift; sourceTree = "<group>"; };
		105 /* ScriptManager.swift */ = {isa = PBXFileReference; lastKnownFileType = sourcecode.swift; path = ScriptManager.swift; sourceTree = "<group>"; };
		106 /* ScrollController.swift */ = {isa = PBXFileReference; lastKnownFileType = sourcecode.swift; path = ScrollController.swift; sourceTree = "<group>"; };
		107 /* HotkeyManager.swift */ = {isa = PBXFileReference; lastKnownFileType = sourcecode.swift; path = HotkeyManager.swift; sourceTree = "<group>"; };
		109 /* LocalStore.swift */ = {isa = PBXFileReference; lastKnownFileType = sourcecode.swift; path = LocalStore.swift; sourceTree = "<group>"; };
		112 /* WindowManager.swift */ = {isa = PBXFileReference; lastKnownFileType = sourcecode.swift; path = WindowManager.swift; sourceTree = "<group>"; };
		113 /* Info.plist */ = {isa = PBXFileReference; lastKnownFileType = text.plist.xml; path = Info.plist; sourceTree = "<group>"; };
		114 /* Kyuva.entitlements */ = {isa = PBXFileReference; lastKnownFileType = text.plist.entitlements; path = Kyuva.entitlements; sourceTree = "<group>"; };
		115 /* Assets.xcassets */ = {isa = PBXFileReference; lastKnownFileType = folder.assetcatalog; path = Assets.xcassets; sourceTree = "<group>"; };
		122 /* OnboardingView.swift */ = {isa = PBXFileReference; lastKnownFileType = sourcecode.swift; path = OnboardingView.swift; sourceTree = "<group>"; };
		123 /* PrivacyInfo.xcprivacy */ = {isa = PBXFileReference; lastKnownFileType = text.xml; path = PrivacyInfo.xcprivacy; sourceTree = "<group>"; };
		124 /* AppIcon.icon */ = {isa = PBXFileReference; lastKnownFileType = folder.iconcomposer.icon; path = AppIcon.icon; sourceTree = "<group>"; };
		125 /* ScriptModels.swift */ = {isa = PBXFileReference; lastKnownFileType = sourcecode.swift; path = ScriptModels.swift; sourceTree = "<group>"; };
		126 /* RemoteControlProtocol.swift */ = {isa = PBXFileReference; lastKnownFileType = sourcecode.swift; path = RemoteControlProtocol.swift; sourceTree = "<group>"; };
		127 /* Kyuva iOS.app */ = {isa = PBXFileReference; explicitFileType = wrapper.application; includeInIndex = 0; path = "Kyuva iOS.app"; sourceTree = BUILT_PRODUCTS_DIR; };
		128 /* Kyuva Watch App.app */ = {isa = PBXFileReference; explicitFileType = wrapper.application; includeInIndex = 0; path = "Kyuva Watch App.app"; sourceTree = BUILT_PRODUCTS_DIR; };
		130 /* KyuvaMobileApp.swift */ = {isa = PBXFileReference; lastKnownFileType = sourcecode.swift; path = KyuvaMobileApp.swift; sourceTree = "<group>"; };
		131 /* PhoneWatchSession.swift */ = {isa = PBXFileReference; lastKnownFileType = sourcecode.swift; path = PhoneWatchSession.swift; sourceTree = "<group>"; };
		132 /* MobileEditorView.swift */ = {isa = PBXFileReference; lastKnownFileType = sourcecode.swift; path = MobileEditorView.swift; sourceTree = "<group>"; };
		133 /* MobilePromptSettingsView.swift */ = {isa = PBXFileReference; lastKnownFileType = sourcecode.swift; path = MobilePromptSettingsView.swift; sourceTree = "<group>"; };
		134 /* MobilePromptView.swift */ = {isa = PBXFileReference; lastKnownFileType = sourcecode.swift; path = MobilePromptView.swift; sourceTree = "<group>"; };
		135 /* KyuvaWatchApp.swift */ = {isa = PBXFileReference; lastKnownFileType = sourcecode.swift; path = KyuvaWatchApp.swift; sourceTree = "<group>"; };
		136 /* WatchSessionController.swift */ = {isa = PBXFileReference; lastKnownFileType = sourcecode.swift; path = WatchSessionController.swift; sourceTree = "<group>"; };
		137 /* WatchRemoteView.swift */ = {isa = PBXFileReference; lastKnownFileType = sourcecode.swift; path = WatchRemoteView.swift; sourceTree = "<group>"; };
		143 /* ScriptTextTransfer.swift */ = {isa = PBXFileReference; lastKnownFileType = sourcecode.swift; path = ScriptTextTransfer.swift; sourceTree = "<group>"; };
		144 /* Info.plist */ = {isa = PBXFileReference; lastKnownFileType = text.plist.xml; path = Info.plist; sourceTree = "<group>"; };
		145 /* ScriptTextFile.swift */ = {isa = PBXFileReference; lastKnownFileType = sourcecode.swift; path = ScriptTextFile.swift; sourceTree = "<group>"; };
		146 /* VoicePositionMatcher.swift */ = {isa = PBXFileReference; lastKnownFileType = sourcecode.swift; path = VoicePositionMatcher.swift; sourceTree = "<group>"; };
		147 /* OnDeviceSpeechRecognizer.swift */ = {isa = PBXFileReference; lastKnownFileType = sourcecode.swift; path = OnDeviceSpeechRecognizer.swift; sourceTree = "<group>"; };
		148 /* ProEntitlementStore.swift */ = {isa = PBXFileReference; lastKnownFileType = sourcecode.swift; path = ProEntitlementStore.swift; sourceTree = "<group>"; };
		149 /* ReviewPromptPolicy.swift */ = {isa = PBXFileReference; lastKnownFileType = sourcecode.swift; path = ReviewPromptPolicy.swift; sourceTree = "<group>"; };
/* End PBXFileReference section */

/* Begin PBXGroup section */
		200 = {
			isa = PBXGroup;
			children = (
				201 /* Kyuva */,
				216 /* KyuvaMobile */,
				220 /* KyuvaWatch */,
				202 /* Products */,
			);
			sourceTree = "<group>";
		};
		201 /* Kyuva */ = {
			isa = PBXGroup;
			children = (
				210 /* App */,
				211 /* UI */,
				212 /* Core */,
				213 /* Platform */,
				214 /* Resources */,
			);
			path = Kyuva;
			sourceTree = "<group>";
		};
		202 /* Products */ = {
			isa = PBXGroup;
			children = (
				100 /* Kyuva.app */,
				127 /* Kyuva iOS.app */,
				128 /* Kyuva Watch App.app */,
			);
			name = Products;
			sourceTree = "<group>";
		};
		210 /* App */ = {
			isa = PBXGroup;
			children = (
				101 /* KyuvaApp.swift */,
				102 /* AppDelegate.swift */,
			);
			path = App;
			sourceTree = "<group>";
		};
		211 /* UI */ = {
			isa = PBXGroup;
			children = (
				103 /* OverlayWindowController.swift */,
				104 /* SettingsView.swift */,
				122 /* OnboardingView.swift */,
			);
			path = UI;
			sourceTree = "<group>";
		};
		212 /* Core */ = {
			isa = PBXGroup;
			children = (
				125 /* ScriptModels.swift */,
				146 /* VoicePositionMatcher.swift */,
				147 /* OnDeviceSpeechRecognizer.swift */,
				148 /* ProEntitlementStore.swift */,
				149 /* ReviewPromptPolicy.swift */,
				105 /* ScriptManager.swift */,
				106 /* ScrollController.swift */,
				126 /* RemoteControlProtocol.swift */,
				145 /* ScriptTextFile.swift */,
				107 /* HotkeyManager.swift */,
				215 /* Storage */,
			);
			path = Core;
			sourceTree = "<group>";
		};
		213 /* Platform */ = {
			isa = PBXGroup;
			children = (
				112 /* WindowManager.swift */,
			);
			path = Platform;
			sourceTree = "<group>";
		};
		214 /* Resources */ = {
			isa = PBXGroup;
			children = (
				124 /* AppIcon.icon */,
				115 /* Assets.xcassets */,
				113 /* Info.plist */,
				114 /* Kyuva.entitlements */,
				123 /* PrivacyInfo.xcprivacy */,
			);
			path = Resources;
			sourceTree = "<group>";
		};
		215 /* Storage */ = {
			isa = PBXGroup;
			children = (
				109 /* LocalStore.swift */,
			);
			path = Storage;
			sourceTree = "<group>";
		};
		216 /* KyuvaMobile */ = {
			isa = PBXGroup;
			children = (
				217 /* App */,
				218 /* Connectivity */,
				219 /* UI */,
				224 /* Transfer */,
				225 /* Resources */,
			);
			path = KyuvaMobile;
			sourceTree = "<group>";
		};
		217 /* App */ = {
			isa = PBXGroup;
			children = (
				130 /* KyuvaMobileApp.swift */,
			);
			path = App;
			sourceTree = "<group>";
		};
		218 /* Connectivity */ = {
			isa = PBXGroup;
			children = (
				131 /* PhoneWatchSession.swift */,
			);
			path = Connectivity;
			sourceTree = "<group>";
		};
		219 /* UI */ = {
			isa = PBXGroup;
			children = (
				132 /* MobileEditorView.swift */,
				134 /* MobilePromptView.swift */,
				133 /* MobilePromptSettingsView.swift */,
			);
			path = UI;
			sourceTree = "<group>";
		};
		220 /* KyuvaWatch */ = {
			isa = PBXGroup;
			children = (
				221 /* App */,
				222 /* Connectivity */,
				223 /* UI */,
			);
			path = KyuvaWatch;
			sourceTree = "<group>";
		};
		221 /* App */ = {
			isa = PBXGroup;
			children = (
				135 /* KyuvaWatchApp.swift */,
			);
			path = App;
			sourceTree = "<group>";
		};
		222 /* Connectivity */ = {
			isa = PBXGroup;
			children = (
				136 /* WatchSessionController.swift */,
			);
			path = Connectivity;
			sourceTree = "<group>";
		};
		223 /* UI */ = {
			isa = PBXGroup;
			children = (
				137 /* WatchRemoteView.swift */,
			);
			path = UI;
			sourceTree = "<group>";
		};
		224 /* Transfer */ = {
			isa = PBXGroup;
			children = (
				143 /* ScriptTextTransfer.swift */,
			);
			path = Transfer;
			sourceTree = "<group>";
		};
		225 /* Resources */ = {
			isa = PBXGroup;
			children = (
				144 /* Info.plist */,
			);
			path = Resources;
			sourceTree = "<group>";
		};
/* End PBXGroup section */

/* Begin PBXNativeTarget section */
		300 /* Kyuva */ = {
			isa = PBXNativeTarget;
			buildConfigurationList = 400 /* Build configuration list for PBXNativeTarget "Kyuva" */;
			buildPhases = (
				301 /* Sources */,
				302 /* Frameworks */,
				303 /* Resources */,
			);
			buildRules = (
			);
			dependencies = (
			);
			name = Kyuva;
			productName = Kyuva;
			productReference = 100 /* Kyuva.app */;
			productType = "com.apple.product-type.application";
		};
		310 /* Kyuva iOS */ = {
			isa = PBXNativeTarget;
			buildConfigurationList = 410 /* Build configuration list for PBXNativeTarget "Kyuva iOS" */;
			buildPhases = (
				311 /* Sources */,
				312 /* Frameworks */,
				314 /* Resources */,
				313 /* Embed Watch Content */,
			);
			buildRules = (
			);
			dependencies = (
				321 /* PBXTargetDependency */,
			);
			name = "Kyuva iOS";
			productName = Kyuva;
			productReference = 127 /* Kyuva iOS.app */;
			productType = "com.apple.product-type.application";
		};
		320 /* Kyuva Watch App */ = {
			isa = PBXNativeTarget;
			buildConfigurationList = 420 /* Build configuration list for PBXNativeTarget "Kyuva Watch App" */;
			buildPhases = (
				323 /* Sources */,
				324 /* Frameworks */,
				325 /* Resources */,
			);
			buildRules = (
			);
			dependencies = (
			);
			name = "Kyuva Watch App";
			productName = "Kyuva Watch App";
			productReference = 128 /* Kyuva Watch App.app */;
			productType = "com.apple.product-type.application";
		};
/* End PBXNativeTarget section */

/* Begin PBXProject section */
		500 /* Project object */ = {
			isa = PBXProject;
			attributes = {
				BuildIndependentTargetsInParallel = 1;
				LastSwiftUpdateCheck = 1500;
				LastUpgradeCheck = 1500;
				TargetAttributes = {
					300 = {
						CreatedOnToolsVersion = 15.0;
					};
					310 = {
						CreatedOnToolsVersion = 26.6;
					};
					320 = {
						CreatedOnToolsVersion = 26.6;
					};
				};
			};
			buildConfigurationList = 501 /* Build configuration list for PBXProject "Kyuva" */;
			compatibilityVersion = "Xcode 14.0";
			developmentRegion = en;
			hasScannedForEncodings = 0;
			knownRegions = (
				en,
				Base,
			);
			mainGroup = 200;
			productRefGroup = 202 /* Products */;
			projectDirPath = "";
			projectRoot = "";
			targets = (
				300 /* Kyuva */,
				310 /* Kyuva iOS */,
				320 /* Kyuva Watch App */,
			);
		};
/* End PBXProject section */

/* Begin PBXSourcesBuildPhase section */
		301 /* Sources */ = {
			isa = PBXSourcesBuildPhase;
			buildActionMask = 2147483647;
			files = (
				001 /* KyuvaApp.swift in Sources */,
				002 /* AppDelegate.swift in Sources */,
				003 /* OverlayWindowController.swift in Sources */,
				004 /* SettingsView.swift in Sources */,
				005 /* ScriptManager.swift in Sources */,
				020 /* ScriptModels.swift in Sources */,
				006 /* ScrollController.swift in Sources */,
				057 /* ScriptTextFile.swift in Sources */,
				007 /* HotkeyManager.swift in Sources */,
				009 /* LocalStore.swift in Sources */,
				012 /* WindowManager.swift in Sources */,
				015 /* OnboardingView.swift in Sources */,
				060 /* VoicePositionMatcher.swift in Sources */,
				062 /* OnDeviceSpeechRecognizer.swift in Sources */,
				064 /* ProEntitlementStore.swift in Sources */,
				066 /* ReviewPromptPolicy.swift in Sources */,
			);
			runOnlyForDeploymentPostprocessing = 0;
		};
		311 /* Sources */ = {
			isa = PBXSourcesBuildPhase;
			buildActionMask = 2147483647;
			files = (
				030 /* KyuvaMobileApp.swift in Sources */,
				031 /* PhoneWatchSession.swift in Sources */,
				032 /* MobileEditorView.swift in Sources */,
				033 /* MobilePromptSettingsView.swift in Sources */,
				034 /* MobilePromptView.swift in Sources */,
				056 /* ScriptTextTransfer.swift in Sources */,
				035 /* ScriptModels.swift in Sources */,
				036 /* ScriptManager.swift in Sources */,
				037 /* ScrollController.swift in Sources */,
				038 /* RemoteControlProtocol.swift in Sources */,
				058 /* ScriptTextFile.swift in Sources */,
				039 /* LocalStore.swift in Sources */,
				061 /* VoicePositionMatcher.swift in Sources */,
				063 /* OnDeviceSpeechRecognizer.swift in Sources */,
				065 /* ProEntitlementStore.swift in Sources */,
				067 /* ReviewPromptPolicy.swift in Sources */,
			);
			runOnlyForDeploymentPostprocessing = 0;
		};
		323 /* Sources */ = {
			isa = PBXSourcesBuildPhase;
			buildActionMask = 2147483647;
			files = (
				042 /* KyuvaWatchApp.swift in Sources */,
				043 /* WatchSessionController.swift in Sources */,
				044 /* WatchRemoteView.swift in Sources */,
				045 /* RemoteControlProtocol.swift in Sources */,
			);
			runOnlyForDeploymentPostprocessing = 0;
		};
/* End PBXSourcesBuildPhase section */

/* Begin PBXFrameworksBuildPhase section */
		302 /* Frameworks */ = {
			isa = PBXFrameworksBuildPhase;
			buildActionMask = 2147483647;
			files = (
			);
			runOnlyForDeploymentPostprocessing = 0;
		};
		312 /* Frameworks */ = {
			isa = PBXFrameworksBuildPhase;
			buildActionMask = 2147483647;
			files = (
			);
			runOnlyForDeploymentPostprocessing = 0;
		};
		324 /* Frameworks */ = {
			isa = PBXFrameworksBuildPhase;
			buildActionMask = 2147483647;
			files = (
			);
			runOnlyForDeploymentPostprocessing = 0;
		};
/* End PBXFrameworksBuildPhase section */

/* Begin PBXResourcesBuildPhase section */
		303 /* Resources */ = {
			isa = PBXResourcesBuildPhase;
			buildActionMask = 2147483647;
			files = (
				019 /* AppIcon.icon in Resources */,
				017 /* Assets.xcassets in Resources */,
				018 /* PrivacyInfo.xcprivacy in Resources */,
			);
			runOnlyForDeploymentPostprocessing = 0;
		};
		314 /* Resources */ = {
			isa = PBXResourcesBuildPhase;
			buildActionMask = 2147483647;
			files = (
				040 /* AppIcon.icon in Resources */,
				041 /* PrivacyInfo.xcprivacy in Resources */,
			);
			runOnlyForDeploymentPostprocessing = 0;
		};
		325 /* Resources */ = {
			isa = PBXResourcesBuildPhase;
			buildActionMask = 2147483647;
			files = (
				046 /* AppIcon.icon in Resources */,
				047 /* PrivacyInfo.xcprivacy in Resources */,
			);
			runOnlyForDeploymentPostprocessing = 0;
		};
/* End PBXResourcesBuildPhase section */

/* Begin PBXTargetDependency section */
		321 /* PBXTargetDependency */ = {
			isa = PBXTargetDependency;
			target = 320 /* Kyuva Watch App */;
			targetProxy = 322 /* PBXContainerItemProxy */;
		};
/* End PBXTargetDependency section */

/* Begin XCBuildConfiguration section */
		600 /* Debug */ = {
			isa = XCBuildConfiguration;
			buildSettings = {
				ALWAYS_SEARCH_USER_PATHS = NO;
				ASSETCATALOG_COMPILER_GENERATE_SWIFT_ASSET_SYMBOL_EXTENSIONS = YES;
				CLANG_ANALYZER_NONNULL = YES;
				CLANG_ANALYZER_NUMBER_OBJECT_CONVERSION = YES_AGGRESSIVE;
				CLANG_CXX_LANGUAGE_STANDARD = "gnu++20";
				CLANG_ENABLE_MODULES = YES;
				CLANG_ENABLE_OBJC_ARC = YES;
				CLANG_ENABLE_OBJC_WEAK = YES;
				CLANG_WARN_BLOCK_CAPTURE_AUTORELEASING = YES;
				CLANG_WARN_BOOL_CONVERSION = YES;
				CLANG_WARN_COMMA = YES;
				CLANG_WARN_CONSTANT_CONVERSION = YES;
				CLANG_WARN_DEPRECATED_OBJC_IMPLEMENTATIONS = YES;
				CLANG_WARN_DIRECT_OBJC_ISA_USAGE = YES_ERROR;
				CLANG_WARN_DOCUMENTATION_COMMENTS = YES;
				CLANG_WARN_EMPTY_BODY = YES;
				CLANG_WARN_ENUM_CONVERSION = YES;
				CLANG_WARN_INFINITE_RECURSION = YES;
				CLANG_WARN_INT_CONVERSION = YES;
				CLANG_WARN_NON_LITERAL_NULL_CONVERSION = YES;
				CLANG_WARN_OBJC_IMPLICIT_RETAIN_SELF = YES;
				CLANG_WARN_OBJC_LITERAL_CONVERSION = YES;
				CLANG_WARN_OBJC_ROOT_CLASS = YES_ERROR;
				CLANG_WARN_QUOTED_INCLUDE_IN_FRAMEWORK_HEADER = YES;
				CLANG_WARN_RANGE_LOOP_ANALYSIS = YES;
				CLANG_WARN_STRICT_PROTOTYPES = YES;
				CLANG_WARN_SUSPICIOUS_MOVE = YES;
				CLANG_WARN_UNGUARDED_AVAILABILITY = YES_AGGRESSIVE;
				CLANG_WARN_UNREACHABLE_CODE = YES;
				CLANG_WARN__DUPLICATE_METHOD_MATCH = YES;
				COPY_PHASE_STRIP = NO;
				DEBUG_INFORMATION_FORMAT = dwarf;
				ENABLE_STRICT_OBJC_MSGSEND = YES;
				ENABLE_TESTABILITY = YES;
				ENABLE_USER_SCRIPT_SANDBOXING = YES;
				GCC_C_LANGUAGE_STANDARD = gnu17;
				GCC_DYNAMIC_NO_PIC = NO;
				GCC_NO_COMMON_BLOCKS = YES;
				GCC_OPTIMIZATION_LEVEL = 0;
				GCC_PREPROCESSOR_DEFINITIONS = (
					"DEBUG=1",
					"$(inherited)",
				);
				GCC_WARN_64_TO_32_BIT_CONVERSION = YES;
				GCC_WARN_ABOUT_RETURN_TYPE = YES_ERROR;
				GCC_WARN_UNDECLARED_SELECTOR = YES;
				GCC_WARN_UNINITIALIZED_AUTOS = YES_AGGRESSIVE;
				GCC_WARN_UNUSED_FUNCTION = YES;
				GCC_WARN_UNUSED_VARIABLE = YES;
				MACOSX_DEPLOYMENT_TARGET = 13.0;
				MTL_ENABLE_DEBUG_INFO = INCLUDE_SOURCE;
				MTL_FAST_MATH = YES;
				ONLY_ACTIVE_ARCH = YES;
				SDKROOT = macosx;
				SWIFT_ACTIVE_COMPILATION_CONDITIONS = "DEBUG $(inherited)";
				SWIFT_OPTIMIZATION_LEVEL = "-Onone";
			};
			name = Debug;
		};
		601 /* Release */ = {
			isa = XCBuildConfiguration;
			buildSettings = {
				ALWAYS_SEARCH_USER_PATHS = NO;
				ASSETCATALOG_COMPILER_GENERATE_SWIFT_ASSET_SYMBOL_EXTENSIONS = YES;
				CLANG_ANALYZER_NONNULL = YES;
				CLANG_ANALYZER_NUMBER_OBJECT_CONVERSION = YES_AGGRESSIVE;
				CLANG_CXX_LANGUAGE_STANDARD = "gnu++20";
				CLANG_ENABLE_MODULES = YES;
				CLANG_ENABLE_OBJC_ARC = YES;
				CLANG_ENABLE_OBJC_WEAK = YES;
				CLANG_WARN_BLOCK_CAPTURE_AUTORELEASING = YES;
				CLANG_WARN_BOOL_CONVERSION = YES;
				CLANG_WARN_COMMA = YES;
				CLANG_WARN_CONSTANT_CONVERSION = YES;
				CLANG_WARN_DEPRECATED_OBJC_IMPLEMENTATIONS = YES;
				CLANG_WARN_DIRECT_OBJC_ISA_USAGE = YES_ERROR;
				CLANG_WARN_DOCUMENTATION_COMMENTS = YES;
				CLANG_WARN_EMPTY_BODY = YES;
				CLANG_WARN_ENUM_CONVERSION = YES;
				CLANG_WARN_INFINITE_RECURSION = YES;
				CLANG_WARN_INT_CONVERSION = YES;
				CLANG_WARN_NON_LITERAL_NULL_CONVERSION = YES;
				CLANG_WARN_OBJC_IMPLICIT_RETAIN_SELF = YES;
				CLANG_WARN_OBJC_LITERAL_CONVERSION = YES;
				CLANG_WARN_OBJC_ROOT_CLASS = YES_ERROR;
				CLANG_WARN_QUOTED_INCLUDE_IN_FRAMEWORK_HEADER = YES;
				CLANG_WARN_RANGE_LOOP_ANALYSIS = YES;
				CLANG_WARN_STRICT_PROTOTYPES = YES;
				CLANG_WARN_SUSPICIOUS_MOVE = YES;
				CLANG_WARN_UNGUARDED_AVAILABILITY = YES_AGGRESSIVE;
				CLANG_WARN_UNREACHABLE_CODE = YES;
				CLANG_WARN__DUPLICATE_METHOD_MATCH = YES;
				COPY_PHASE_STRIP = NO;
				DEBUG_INFORMATION_FORMAT = "dwarf-with-dsym";
				ENABLE_NS_ASSERTIONS = NO;
				ENABLE_STRICT_OBJC_MSGSEND = YES;
				ENABLE_USER_SCRIPT_SANDBOXING = YES;
				GCC_C_LANGUAGE_STANDARD = gnu17;
				GCC_NO_COMMON_BLOCKS = YES;
				GCC_WARN_64_TO_32_BIT_CONVERSION = YES;
				GCC_WARN_ABOUT_RETURN_TYPE = YES_ERROR;
				GCC_WARN_UNDECLARED_SELECTOR = YES;
				GCC_WARN_UNINITIALIZED_AUTOS = YES_AGGRESSIVE;
				GCC_WARN_UNUSED_FUNCTION = YES;
				GCC_WARN_UNUSED_VARIABLE = YES;
				MACOSX_DEPLOYMENT_TARGET = 13.0;
				MTL_ENABLE_DEBUG_INFO = NO;
				MTL_FAST_MATH = YES;
				SDKROOT = macosx;
				SWIFT_COMPILATION_MODE = wholemodule;
			};
			name = Release;
		};
		602 /* Debug */ = {
			isa = XCBuildConfiguration;
			buildSettings = {
				ASSETCATALOG_COMPILER_APPICON_NAME = AppIcon;
				CODE_SIGN_ENTITLEMENTS = Kyuva/Resources/Kyuva.entitlements;
				CODE_SIGN_STYLE = Automatic;
				COMBINE_HIDPI_IMAGES = YES;
				CURRENT_PROJECT_VERSION = 7;
				DEVELOPMENT_TEAM = 956F3UPBRX;
				ENABLE_HARDENED_RUNTIME = YES;
				GENERATE_INFOPLIST_FILE = NO;
				INFOPLIST_FILE = Kyuva/Resources/Info.plist;
				INFOPLIST_KEY_CFBundleDisplayName = Kyuva;
				INFOPLIST_KEY_LSApplicationCategoryType = "public.app-category.productivity";
				INFOPLIST_KEY_NSHumanReadableCopyright = "© 2026 Mykyta Dudnichenko. All rights reserved.";
				LD_RUNPATH_SEARCH_PATHS = (
					"$(inherited)",
					"@executable_path/../Frameworks",
				);
				MARKETING_VERSION = 1.1;
				PRODUCT_BUNDLE_IDENTIFIER = com.kikuai.kyuva;
				PRODUCT_NAME = "$(TARGET_NAME)";
				SWIFT_EMIT_LOC_STRINGS = YES;
				SWIFT_VERSION = 5.0;
			};
			name = Debug;
		};
		603 /* Release */ = {
			isa = XCBuildConfiguration;
			buildSettings = {
				ASSETCATALOG_COMPILER_APPICON_NAME = AppIcon;
				CODE_SIGN_ENTITLEMENTS = Kyuva/Resources/Kyuva.entitlements;
				CODE_SIGN_STYLE = Automatic;
				COMBINE_HIDPI_IMAGES = YES;
				CURRENT_PROJECT_VERSION = 7;
				DEVELOPMENT_TEAM = 956F3UPBRX;
				ENABLE_HARDENED_RUNTIME = YES;
				GENERATE_INFOPLIST_FILE = NO;
				INFOPLIST_FILE = Kyuva/Resources/Info.plist;
				INFOPLIST_KEY_CFBundleDisplayName = Kyuva;
				INFOPLIST_KEY_LSApplicationCategoryType = "public.app-category.productivity";
				INFOPLIST_KEY_NSHumanReadableCopyright = "© 2026 Mykyta Dudnichenko. All rights reserved.";
				LD_RUNPATH_SEARCH_PATHS = (
					"$(inherited)",
					"@executable_path/../Frameworks",
				);
				MARKETING_VERSION = 1.1;
				PRODUCT_BUNDLE_IDENTIFIER = com.kikuai.kyuva;
				PRODUCT_NAME = "$(TARGET_NAME)";
				SWIFT_EMIT_LOC_STRINGS = YES;
				SWIFT_VERSION = 5.0;
			};
			name = Release;
		};
		604 /* Debug */ = {
			isa = XCBuildConfiguration;
			buildSettings = {
				ASSETCATALOG_COMPILER_APPICON_NAME = AppIcon;
				CODE_SIGN_STYLE = Automatic;
				CURRENT_PROJECT_VERSION = 5;
				DEVELOPMENT_TEAM = 956F3UPBRX;
				GENERATE_INFOPLIST_FILE = NO;
				INFOPLIST_FILE = KyuvaMobile/Resources/Info.plist;
				INFOPLIST_KEY_CFBundleDisplayName = Kyuva;
				INFOPLIST_KEY_ITSAppUsesNonExemptEncryption = NO;
				INFOPLIST_KEY_LSApplicationCategoryType = "public.app-category.productivity";
				INFOPLIST_KEY_NSHumanReadableCopyright = "© 2026 Mykyta Dudnichenko. All rights reserved.";
				INFOPLIST_KEY_UIApplicationSceneManifest_Generation = YES;
				INFOPLIST_KEY_UIApplicationSupportsIndirectInputEvents = YES;
				INFOPLIST_KEY_UILaunchScreen_Generation = YES;
				INFOPLIST_KEY_UISupportedInterfaceOrientations_iPhone = "UIInterfaceOrientationPortrait UIInterfaceOrientationLandscapeLeft UIInterfaceOrientationLandscapeRight";
				IPHONEOS_DEPLOYMENT_TARGET = 17.0;
				LD_RUNPATH_SEARCH_PATHS = (
					"$(inherited)",
					"@executable_path/Frameworks",
				);
				MARKETING_VERSION = 1.0;
				PRODUCT_BUNDLE_IDENTIFIER = com.kikuai.kyuva;
				PRODUCT_NAME = "Kyuva iOS";
				SDKROOT = iphoneos;
				SUPPORTED_PLATFORMS = "iphoneos iphonesimulator";
				SUPPORTS_MACCATALYST = NO;
				SWIFT_EMIT_LOC_STRINGS = YES;
				SWIFT_VERSION = 5.0;
				TARGETED_DEVICE_FAMILY = 1;
			};
			name = Debug;
		};
		605 /* Release */ = {
			isa = XCBuildConfiguration;
			buildSettings = {
				ASSETCATALOG_COMPILER_APPICON_NAME = AppIcon;
				CODE_SIGN_STYLE = Automatic;
				CURRENT_PROJECT_VERSION = 5;
				DEVELOPMENT_TEAM = 956F3UPBRX;
				GENERATE_INFOPLIST_FILE = NO;
				INFOPLIST_FILE = KyuvaMobile/Resources/Info.plist;
				INFOPLIST_KEY_CFBundleDisplayName = Kyuva;
				INFOPLIST_KEY_ITSAppUsesNonExemptEncryption = NO;
				INFOPLIST_KEY_LSApplicationCategoryType = "public.app-category.productivity";
				INFOPLIST_KEY_NSHumanReadableCopyright = "© 2026 Mykyta Dudnichenko. All rights reserved.";
				INFOPLIST_KEY_UIApplicationSceneManifest_Generation = YES;
				INFOPLIST_KEY_UIApplicationSupportsIndirectInputEvents = YES;
				INFOPLIST_KEY_UILaunchScreen_Generation = YES;
				INFOPLIST_KEY_UISupportedInterfaceOrientations_iPhone = "UIInterfaceOrientationPortrait UIInterfaceOrientationLandscapeLeft UIInterfaceOrientationLandscapeRight";
				IPHONEOS_DEPLOYMENT_TARGET = 17.0;
				LD_RUNPATH_SEARCH_PATHS = (
					"$(inherited)",
					"@executable_path/Frameworks",
				);
				MARKETING_VERSION = 1.0;
				PRODUCT_BUNDLE_IDENTIFIER = com.kikuai.kyuva;
				PRODUCT_NAME = "Kyuva iOS";
				SDKROOT = iphoneos;
				SUPPORTED_PLATFORMS = "iphoneos iphonesimulator";
				SUPPORTS_MACCATALYST = NO;
				SWIFT_EMIT_LOC_STRINGS = YES;
				SWIFT_VERSION = 5.0;
				TARGETED_DEVICE_FAMILY = 1;
			};
			name = Release;
		};
		606 /* Debug */ = {
			isa = XCBuildConfiguration;
			buildSettings = {
				ASSETCATALOG_COMPILER_APPICON_NAME = AppIcon;
				CODE_SIGN_STYLE = Automatic;
				CURRENT_PROJECT_VERSION = 5;
				DEVELOPMENT_TEAM = 956F3UPBRX;
				GENERATE_INFOPLIST_FILE = YES;
				INFOPLIST_KEY_CFBundleDisplayName = Kyuva;
				INFOPLIST_KEY_ITSAppUsesNonExemptEncryption = NO;
				INFOPLIST_KEY_WKCompanionAppBundleIdentifier = com.kikuai.kyuva;
				INFOPLIST_KEY_WKRunsIndependentlyOfCompanionApp = NO;
				LD_RUNPATH_SEARCH_PATHS = (
					"$(inherited)",
					"@executable_path/Frameworks",
				);
				MARKETING_VERSION = 1.0;
				PRODUCT_BUNDLE_IDENTIFIER = com.kikuai.kyuva.watchkitapp;
				PRODUCT_NAME = "Kyuva Watch App";
				SDKROOT = watchos;
				SKIP_INSTALL = YES;
				SUPPORTED_PLATFORMS = "watchos watchsimulator";
				SWIFT_EMIT_LOC_STRINGS = YES;
				SWIFT_VERSION = 5.0;
				TARGETED_DEVICE_FAMILY = 4;
				WATCHOS_DEPLOYMENT_TARGET = 10.0;
			};
			name = Debug;
		};
		607 /* Release */ = {
			isa = XCBuildConfiguration;
			buildSettings = {
				ASSETCATALOG_COMPILER_APPICON_NAME = AppIcon;
				CODE_SIGN_STYLE = Automatic;
				CURRENT_PROJECT_VERSION = 5;
				DEVELOPMENT_TEAM = 956F3UPBRX;
				GENERATE_INFOPLIST_FILE = YES;
				INFOPLIST_KEY_CFBundleDisplayName = Kyuva;
				INFOPLIST_KEY_ITSAppUsesNonExemptEncryption = NO;
				INFOPLIST_KEY_WKCompanionAppBundleIdentifier = com.kikuai.kyuva;
				INFOPLIST_KEY_WKRunsIndependentlyOfCompanionApp = NO;
				LD_RUNPATH_SEARCH_PATHS = (
					"$(inherited)",
					"@executable_path/Frameworks",
				);
				MARKETING_VERSION = 1.0;
				PRODUCT_BUNDLE_IDENTIFIER = com.kikuai.kyuva.watchkitapp;
				PRODUCT_NAME = "Kyuva Watch App";
				SDKROOT = watchos;
				SKIP_INSTALL = YES;
				SUPPORTED_PLATFORMS = "watchos watchsimulator";
				SWIFT_EMIT_LOC_STRINGS = YES;
				SWIFT_VERSION = 5.0;
				TARGETED_DEVICE_FAMILY = 4;
				VALIDATE_PRODUCT = YES;
				WATCHOS_DEPLOYMENT_TARGET = 10.0;
			};
			name = Release;
		};
/* End XCBuildConfiguration section */

/* Begin XCConfigurationList section */
		400 /* Build configuration list for PBXNativeTarget "Kyuva" */ = {
			isa = XCConfigurationList;
			buildConfigurations = (
				602 /* Debug */,
				603 /* Release */,
			);
			defaultConfigurationIsVisible = 0;
			defaultConfigurationName = Release;
		};
		410 /* Build configuration list for PBXNativeTarget "Kyuva iOS" */ = {
			isa = XCConfigurationList;
			buildConfigurations = (
				604 /* Debug */,
				605 /* Release */,
			);
			defaultConfigurationIsVisible = 0;
			defaultConfigurationName = Release;
		};
		420 /* Build configuration list for PBXNativeTarget "Kyuva Watch App" */ = {
			isa = XCConfigurationList;
			buildConfigurations = (
				606 /* Debug */,
				607 /* Release */,
			);
			defaultConfigurationIsVisible = 0;
			defaultConfigurationName = Release;
		};
		501 /* Build configuration list for PBXProject "Kyuva" */ = {
			isa = XCConfigurationList;
			buildConfigurations = (
				600 /* Debug */,
				601 /* Release */,
			);
			defaultConfigurationIsVisible = 0;
			defaultConfigurationName = Release;
		};
/* End XCConfigurationList section */

	};
	rootObject = 500 /* Project object */;
}
